
Microsoft Visual Studio Solution File, Format Version 12.00
# Visual Studio 15
VisualStudioVersion = 15.0.26403.3
MinimumVisualStudioVersion = 10.0.40219.1
Project("{2150E333-8FDC-42A3-9474-1A3956D46DE8}") = ".build", ".build", "{AA577967-C0C2-4028-986F-410368B9D342}"
	ProjectSection(SolutionItems) = preProject
		..\build.bat = ..\build.bat
		..\build.fsx = ..\build.fsx
	EndProjectSection
EndProject
Project("{FAE04EC0-301F-11D3-BF4B-00C04F79EFBC}") = "Genesis.RepeatWithBackoff", "Genesis.RepeatWithBackoff\Genesis.RepeatWithBackoff.csproj", "{3B8DBE38-CD0C-48B8-9D66-A8827C007C4E}"
EndProject
Project("{FAE04EC0-301F-11D3-BF4B-00C04F79EFBC}") = "Genesis.RepeatWithBackoff.UnitTests", "Genesis.RepeatWithBackoff.UnitTests\Genesis.RepeatWithBackoff.UnitTests.csproj", "{D91CE769-BA0A-4A6D-AA0B-6423B9E86F25}"
EndProject
Global
	GlobalSection(SolutionConfigurationPlatforms) = preSolution
		Debug|Any CPU = Debug|Any CPU
		Release|Any CPU = Release|Any CPU
	EndGlobalSection
	GlobalSection(ProjectConfigurationPlatforms) = postSolution
		{3B8DBE38-CD0C-48B8-9D66-A8827C007C4E}.Debug|Any CPU.ActiveCfg = Debug|Any CPU
		{3B8DBE38-CD0C-48B8-9D66-A8827C007C4E}.Debug|Any CPU.Build.0 = Debug|Any CPU
		{3B8DBE38-CD0C-48B8-9D66-A8827C007C4E}.Release|Any CPU.ActiveCfg = Release|Any CPU
		{3B8DBE38-CD0C-48B8-9D66-A8827C007C4E}.Release|Any CPU.Build.0 = Release|Any CPU
		{D91CE769-BA0A-4A6D-AA0B-6423B9E86F25}.Debug|Any CPU.ActiveCfg = Debug|Any CPU
		{D91CE769-BA0A-4A6D-AA0B-6423B9E86F25}.Debug|Any CPU.Build.0 = Debug|Any CPU
		{D91CE769-BA0A-4A6D-AA0B-6423B9E86F25}.Release|Any CPU.ActiveCfg = Release|Any CPU
		{D91CE769-BA0A-4A6D-AA0B-6423B9E86F25}.Release|Any CPU.Build.0 = Release|Any CPU
	EndGlobalSection
	GlobalSection(SolutionProperties) = preSolution
		HideSolutionNode = FALSE
	EndGlobalSection
EndGlobal
